// !$*UTF8*$!
{
	archiveVersion = 1;
	classes = {
	};
	objectVersion = 46;
	objects = {

/* Begin PBXBuildFile section */
		AA3D7A9F1AF7AA2900A136BA /* MapKit.framework in Frameworks */ = {isa = PBXBuildFile; fileRef = AA3D7A9E1AF7AA2900A136BA /* MapKit.framework */; };
		AA65055E1AF4005500BB3CC6 /* ReviewViewController.swift in Sources */ = {isa = PBXBuildFile; fileRef = AA65055D1AF4005500BB3CC6 /* ReviewViewController.swift */; };
		AA6505601AF6463A00BB3CC6 /* ShareViewController.swift in Sources */ = {isa = PBXBuildFile; fileRef = AA65055F1AF6463A00BB3CC6 /* ShareViewController.swift */; };
		AA770F851AE69CAC00257BEF /* DetailViewController.swift in Sources */ = {isa = PBXBuildFile; fileRef = AA770F841AE69CAC00257BEF /* DetailViewController.swift */; };
		AA8402261AD848D300927EEB /* AppDelegate.swift in Sources */ = {isa = PBXBuildFile; fileRef = AA8402251AD848D300927EEB /* AppDelegate.swift */; };
		AA84022B1AD848D300927EEB /* Main.storyboard in Resources */ = {isa = PBXBuildFile; fileRef = AA8402291AD848D300927EEB /* Main.storyboard */; };
		AA84022D1AD848D300927EEB /* Images.xcassets in Resources */ = {isa = PBXBuildFile; fileRef = AA84022C1AD848D300927EEB /* Images.xcassets */; };
		AA8402301AD848D300927EEB /* LaunchScreen.xib in Resources */ = {isa = PBXBuildFile; fileRef = AA84022E1AD848D300927EEB /* LaunchScreen.xib */; };
		AA84023C1AD848D300927EEB /* FoodPinTests.swift in Sources */ = {isa = PBXBuildFile; fileRef = AA84023B1AD848D300927EEB /* FoodPinTests.swift */; };
		AA8402461AD8496900927EEB /* Entitlements.plist in Resources */ = {isa = PBXBuildFile; fileRef = AA8402451AD8496900927EEB /* Entitlements.plist */; };
		AA8402481AD850AB00927EEB /* RestaurantTableViewController.swift in Sources */ = {isa = PBXBuildFile; fileRef = AA8402471AD850AB00927EEB /* RestaurantTableViewController.swift */; };
		AA84024A1AD86C6F00927EEB /* CustomTableViewCell.swift in Sources */ = {isa = PBXBuildFile; fileRef = AA8402491AD86C6F00927EEB /* CustomTableViewCell.swift */; };
		AA8CD9D51AE96ABC00CFECEF /* Restaurant.swift in Sources */ = {isa = PBXBuildFile; fileRef = AA8CD9D41AE96ABC00CFECEF /* Restaurant.swift */; };
		AADCF3E31AEE3DF100FC8ED4 /* DetailTableViewCell.swift in Sources */ = {isa = PBXBuildFile; fileRef = AADCF3E21AEE3DF100FC8ED4 /* DetailTableViewCell.swift */; };
/* End PBXBuildFile section */

/* Begin PBXContainerItemProxy section */
		AA8402361AD848D300927EEB /* PBXContainerItemProxy */ = {
			isa = PBXContainerItemProxy;
			containerPortal = AA8402181AD848D300927EEB /* Project object */;
			proxyType = 1;
			remoteGlobalIDString = AA84021F1AD848D300927EEB;
			remoteInfo = FoodPin;
		};
/* End PBXContainerItemProxy section */

/* Begin PBXFileReference section */
		AA3D7A9E1AF7AA2900A136BA /* MapKit.framework */ = {isa = PBXFileReference; lastKnownFileType = wrapper.framework; name = MapKit.framework; path = System/Library/Frameworks/MapKit.framework; sourceTree = SDKROOT; };
		AA65055D1AF4005500BB3CC6 /* ReviewViewController.swift */ = {isa = PBXFileReference; fileEncoding = 4; lastKnownFileType = sourcecode.swift; path = ReviewViewController.swift; sourceTree = "<group>"; };
		AA65055F1AF6463A00BB3CC6 /* ShareViewController.swift */ = {isa = PBXFileReference; fileEncoding = 4; lastKnownFileType = sourcecode.swift; path = ShareViewController.swift; sourceTree = "<group>"; };
		AA770F841AE69CAC00257BEF /* DetailViewController.swift */ = {isa = PBXFileReference; fileEncoding = 4; lastKnownFileType = sourcecode.swift; path = DetailViewController.swift; sourceTree = "<group>"; };
		AA8402201AD848D300927EEB /* FoodPin.app */ = {isa = PBXFileReference; explicitFileType = wrapper.application; includeInIndex = 0; path = FoodPin.app; sourceTree = BUILT_PRODUCTS_DIR; };
		AA8402241AD848D300927EEB /* Info.plist */ = {isa = PBXFileReference; lastKnownFileType = text.plist.xml; path = Info.plist; sourceTree = "<group>"; };
		AA8402251AD848D300927EEB /* AppDelegate.swift */ = {isa = PBXFileReference; lastKnownFileType = sourcecode.swift; path = AppDelegate.swift; sourceTree = "<group>"; };
		AA84022A1AD848D300927EEB /* Base */ = {isa = PBXFileReference; lastKnownFileType = file.storyboard; name = Base; path = Base.lproj/Main.storyboard; sourceTree = "<group>"; };
		AA84022C1AD848D300927EEB /* Images.xcassets */ = {isa = PBXFileReference; lastKnownFileType = folder.assetcatalog; path = Images.xcassets; sourceTree = "<group>"; };
		AA84022F1AD848D300927EEB /* Base */ = {isa = PBXFileReference; lastKnownFileType = file.xib; name = Base; path = Base.lproj/LaunchScreen.xib; sourceTree = "<group>"; };
		AA8402351AD848D300927EEB /* FoodPinTests.xctest */ = {isa = PBXFileReference; explicitFileType = wrapper.cfbundle; includeInIndex = 0; path = FoodPinTests.xctest; sourceTree = BUILT_PRODUCTS_DIR; };
		AA84023A1AD848D300927EEB /* Info.plist */ = {isa = PBXFileReference; lastKnownFileType = text.plist.xml; path = Info.plist; sourceTree = "<group>"; };
		AA84023B1AD848D300927EEB /* FoodPinTests.swift */ = {isa = PBXFileReference; lastKnownFileType = sourcecode.swift; path = FoodPinTests.swift; sourceTree = "<group>"; };
		AA8402451AD8496900927EEB /* Entitlements.plist */ = {isa = PBXFileReference; fileEncoding = 4; lastKnownFileType = text.plist.xml; name = Entitlements.plist; path = ../Entitlements.plist; sourceTree = "<group>"; };
		AA8402471AD850AB00927EEB /* RestaurantTableViewController.swift */ = {isa = PBXFileReference; fileEncoding = 4; lastKnownFileType = sourcecode.swift; path = RestaurantTableViewController.swift; sourceTree = "<group>"; };
		AA8402491AD86C6F00927EEB /* CustomTableViewCell.swift */ = {isa = PBXFileReference; fileEncoding = 4; lastKnownFileType = sourcecode.swift; path = CustomTableViewCell.swift; sourceTree = "<group>"; };
		AA8CD9D41AE96ABC00CFECEF /* Restaurant.swift */ = {isa = PBXFileReference; fileEncoding = 4; lastKnownFileType = sourcecode.swift; path = Restaurant.swift; sourceTree = "<group>"; };
		AADCF3E21AEE3DF100FC8ED4 /* DetailTableViewCell.swift */ = {isa = PBXFileReference; fileEncoding = 4; lastKnownFileType = sourcecode.swift; path = DetailTableViewCell.swift; sourceTree = "<group>"; };
/* End PBXFileReference section */

/* Begin PBXFrameworksBuildPhase section */
		AA84021D1AD848D300927EEB /* Frameworks */ = {
			isa = PBXFrameworksBuildPhase;
			buildActionMask = 2147483647;
			files = (
				AA3D7A9F1AF7AA2900A136BA /* MapKit.framework in Frameworks */,
			);
			runOnlyForDeploymentPostprocessing = 0;
		};
		AA8402321AD848D300927EEB /* Frameworks */ = {
			isa = PBXFrameworksBuildPhase;
			buildActionMask = 2147483647;
			files = (
			);
			runOnlyForDeploymentPostprocessing = 0;
		};
/* End PBXFrameworksBuildPhase section */

/* Begin PBXGroup section */
		AA8402171AD848D300927EEB = {
			isa = PBXGroup;
			children = (
				AA3D7A9E1AF7AA2900A136BA /* MapKit.framework */,
				AA8402221AD848D300927EEB /* FoodPin */,
				AA8402381AD848D300927EEB /* FoodPinTests */,
				AA8402211AD848D300927EEB /* Products */,
			);
			sourceTree = "<group>";
		};
		AA8402211AD848D300927EEB /* Products */ = {
			isa = PBXGroup;
			children = (
				AA8402201AD848D300927EEB /* FoodPin.app */,
				AA8402351AD848D300927EEB /* FoodPinTests.xctest */,
			);
			name = Products;
			sourceTree = "<group>";
		};
		AA8402221AD848D300927EEB /* FoodPin */ = {
			isa = PBXGroup;
			children = (
				AA8402471AD850AB00927EEB /* RestaurantTableViewController.swift */,
				AA8402491AD86C6F00927EEB /* CustomTableViewCell.swift */,
				AA770F841AE69CAC00257BEF /* DetailViewController.swift */,
				AADCF3E21AEE3DF100FC8ED4 /* DetailTableViewCell.swift */,
				AA8402251AD848D300927EEB /* AppDelegate.swift */,
				AA8CD9D41AE96ABC00CFECEF /* Restaurant.swift */,
				AA65055D1AF4005500BB3CC6 /* ReviewViewController.swift */,
				AA65055F1AF6463A00BB3CC6 /* ShareViewController.swift */,
				AA8402291AD848D300927EEB /* Main.storyboard */,
				AA84022C1AD848D300927EEB /* Images.xcassets */,
				AA84022E1AD848D300927EEB /* LaunchScreen.xib */,
				AA8402451AD8496900927EEB /* Entitlements.plist */,
				AA8402231AD848D300927EEB /* Supporting Files */,
			);
			path = FoodPin;
			sourceTree = "<group>";
		};
		AA8402231AD848D300927EEB /* Supporting Files */ = {
			isa = PBXGroup;
			children = (
				AA8402241AD848D300927EEB /* Info.plist */,
			);
			name = "Supporting Files";
			sourceTree = "<group>";
		};
		AA8402381AD848D300927EEB /* FoodPinTests */ = {
			isa = PBXGroup;
			children = (
				AA84023B1AD848D300927EEB /* FoodPinTests.swift */,
				AA8402391AD848D300927EEB /* Supporting Files */,
			);
			path = FoodPinTests;
			sourceTree = "<group>";
		};
		AA8402391AD848D300927EEB /* Supporting Files */ = {
			isa = PBXGroup;
			children = (
				AA84023A1AD848D300927EEB /* Info.plist */,
			);
			name = "Supporting Files";
			sourceTree = "<group>";
		};
/* End PBXGroup section */

/* Begin PBXNativeTarget section */
		AA84021F1AD848D300927EEB /* FoodPin */ = {
			isa = PBXNativeTarget;
			buildConfigurationList = AA84023F1AD848D300927EEB /* Build configuration list for PBXNativeTarget "FoodPin" */;
			buildPhases = (
				AA84021C1AD848D300927EEB /* Sources */,
				AA84021D1AD848D300927EEB /* Frameworks */,
				AA84021E1AD848D300927EEB /* Resources */,
			);
			buildRules = (
			);
			dependencies = (
			);
			name = FoodPin;
			productName = FoodPin;
			productReference = AA8402201AD848D300927EEB /* FoodPin.app */;
			productType = "com.apple.product-type.application";
		};
		AA8402341AD848D300927EEB /* FoodPinTests */ = {
			isa = PBXNativeTarget;
			buildConfigurationList = AA8402421AD848D300927EEB /* Build configuration list for PBXNativeTarget "FoodPinTests" */;
			buildPhases = (
				AA8402311AD848D300927EEB /* Sources */,
				AA8402321AD848D300927EEB /* Frameworks */,
				AA8402331AD848D300927EEB /* Resources */,
			);
			buildRules = (
			);
			dependencies = (
				AA8402371AD848D300927EEB /* PBXTargetDependency */,
			);
			name = FoodPinTests;
			productName = FoodPinTests;
			productReference = AA8402351AD848D300927EEB /* FoodPinTests.xctest */;
			productType = "com.apple.product-type.bundle.unit-test";
		};
/* End PBXNativeTarget section */

/* Begin PBXProject section */
		AA8402181AD848D300927EEB /* Project object */ = {
			isa = PBXProject;
			attributes = {
				LastUpgradeCheck = 0620;
				ORGANIZATIONNAME = Fenkins;
				TargetAttributes = {
					AA84021F1AD848D300927EEB = {
						CreatedOnToolsVersion = 6.2;
						SystemCapabilities = {
							com.apple.Maps.iOS = {
								enabled = 1;
							};
						};
					};
					AA8402341AD848D300927EEB = {
						CreatedOnToolsVersion = 6.2;
						TestTargetID = AA84021F1AD848D300927EEB;
					};
				};
			};
			buildConfigurationList = AA84021B1AD848D300927EEB /* Build configuration list for PBXProject "FoodPin" */;
			compatibilityVersion = "Xcode 3.2";
			developmentRegion = English;
			hasScannedForEncodings = 0;
			knownRegions = (
				en,
				Base,
			);
			mainGroup = AA8402171AD848D300927EEB;
			productRefGroup = AA8402211AD848D300927EEB /* Products */;
			projectDirPath = "";
			projectRoot = "";
			targets = (
				AA84021F1AD848D300927EEB /* FoodPin */,
				AA8402341AD848D300927EEB /* FoodPinTests */,
			);
		};
/* End PBXProject section */

/* Begin PBXResourcesBuildPhase section */
		AA84021E1AD848D300927EEB /* Resources */ = {
			isa = PBXResourcesBuildPhase;
			buildActionMask = 2147483647;
			files = (
				AA8402461AD8496900927EEB /* Entitlements.plist in Resources */,
				AA84022B1AD848D300927EEB /* Main.storyboard in Resources */,
				AA8402301AD848D300927EEB /* LaunchScreen.xib in Resources */,
				AA84022D1AD848D300927EEB /* Images.xcassets in Resources */,
			);
			runOnlyForDeploymentPostprocessing = 0;
		};
		AA8402331AD848D300927EEB /* Resources */ = {
			isa = PBXResourcesBuildPhase;
			buildActionMask = 2147483647;
			files = (
			);
			runOnlyForDeploymentPostprocessing = 0;
		};
/* End PBXResourcesBuildPhase section */

/* Begin PBXSourcesBuildPhase section */
		AA84021C1AD848D300927EEB /* Sources */ = {
			isa = PBXSourcesBuildPhase;
			buildActionMask = 2147483647;
			files = (
				AADCF3E31AEE3DF100FC8ED4 /* DetailTableViewCell.swift in Sources */,
				AA8CD9D51AE96ABC00CFECEF /* Restaurant.swift in Sources */,
				AA65055E1AF4005500BB3CC6 /* ReviewViewController.swift in Sources */,
				AA84024A1AD86C6F00927EEB /* CustomTableViewCell.swift in Sources */,
				AA8402481AD850AB00927EEB /* RestaurantTableViewController.swift in Sources */,
				AA8402261AD848D300927EEB /* AppDelegate.swift in Sources */,
				AA6505601AF6463A00BB3CC6 /* ShareViewController.swift in Sources */,
				AA770F851AE69CAC00257BEF /* DetailViewController.swift in Sources */,
			);
			runOnlyForDeploymentPostprocessing = 0;
		};
		AA8402311AD848D300927EEB /* Sources */ = {
			isa = PBXSourcesBuildPhase;
			buildActionMask = 2147483647;
			files = (
				AA84023C1AD848D300927EEB /* FoodPinTests.swift in Sources */,
			);
			runOnlyForDeploymentPostprocessing = 0;
		};
/* End PBXSourcesBuildPhase section */

/* Begin PBXTargetDependency section */
		AA8402371AD848D300927EEB /* PBXTargetDependency */ = {
			isa = PBXTargetDependency;
			target = AA84021F1AD848D300927EEB /* FoodPin */;
			targetProxy = AA8402361AD848D300927EEB /* PBXContainerItemProxy */;
		};
/* End PBXTargetDependency section */

/* Begin PBXVariantGroup section */
		AA8402291AD848D300927EEB /* Main.storyboard */ = {
			isa = PBXVariantGroup;
			children = (
				AA84022A1AD848D300927EEB /* Base */,
			);
			name = Main.storyboard;
			sourceTree = "<group>";
		};
		AA84022E1AD848D300927EEB /* LaunchScreen.xib */ = {
			isa = PBXVariantGroup;
			children = (
				AA84022F1AD848D300927EEB /* Base */,
			);
			name = LaunchScreen.xib;
			sourceTree = "<group>";
		};
/* End PBXVariantGroup section */

/* Begin XCBuildConfiguration section */
		AA84023D1AD848D300927EEB /* Debug */ = {
			isa = XCBuildConfiguration;
			buildSettings = {
				ALWAYS_SEARCH_USER_PATHS = NO;
				CLANG_CXX_LANGUAGE_STANDARD = "gnu++0x";
				CLANG_CXX_LIBRARY = "libc++";
				CLANG_ENABLE_MODULES = YES;
				CLANG_ENABLE_OBJC_ARC = YES;
				CLANG_WARN_BOOL_CONVERSION = YES;
				CLANG_WARN_CONSTANT_CONVERSION = YES;
				CLANG_WARN_DIRECT_OBJC_ISA_USAGE = YES_ERROR;
				CLANG_WARN_EMPTY_BODY = YES;
				CLANG_WARN_ENUM_CONVERSION = YES;
				CLANG_WARN_INT_CONVERSION = YES;
				CLANG_WARN_OBJC_ROOT_CLASS = YES_ERROR;
				CLANG_WARN_UNREACHABLE_CODE = YES;
				CLANG_WARN__DUPLICATE_METHOD_MATCH = YES;
				CODE_SIGN_ENTITLEMENTS = Entitlements.plist;
				CODE_SIGN_IDENTITY = "-";
				"CODE_SIGN_IDENTITY[sdk=iphoneos*]" = "-";
				COPY_PHASE_STRIP = NO;
				ENABLE_STRICT_OBJC_MSGSEND = YES;
				GCC_C_LANGUAGE_STANDARD = gnu99;
				GCC_DYNAMIC_NO_PIC = NO;
				GCC_OPTIMIZATION_LEVEL = 0;
				GCC_PREPROCESSOR_DEFINITIONS = (
					"DEBUG=1",
					"$(inherited)",
				);
				GCC_SYMBOLS_PRIVATE_EXTERN = NO;
				GCC_WARN_64_TO_32_BIT_CONVERSION = YES;
				GCC_WARN_ABOUT_RETURN_TYPE = YES_ERROR;
				GCC_WARN_UNDECLARED_SELECTOR = YES;
				GCC_WARN_UNINITIALIZED_AUTOS = YES_AGGRESSIVE;
				GCC_WARN_UNUSED_FUNCTION = YES;
				GCC_WARN_UNUSED_VARIABLE = YES;
				IPHONEOS_DEPLOYMENT_TARGET = 8.1;
				MTL_ENABLE_DEBUG_INFO = YES;
				ONLY_ACTIVE_ARCH = YES;
				SDKROOT = iphoneos;
				SWIFT_OPTIMIZATION_LEVEL = "-Onone";
				TARGETED_DEVICE_FAMILY = "1,2";
			};
			name = Debug;
		};
		AA84023E1AD848D300927EEB /* Release */ = {
			isa = XCBuildConfiguration;
			buildSettings = {
				ALWAYS_SEARCH_USER_PATHS = NO;
				CLANG_CXX_LANGUAGE_STANDARD = "gnu++0x";
				CLANG_CXX_LIBRARY = "libc++";
				CLANG_ENABLE_MODULES = YES;
				CLANG_ENABLE_OBJC_ARC = YES;
				CLANG_WARN_BOOL_CONVERSION = YES;
				CLANG_WARN_CONSTANT_CONVERSION = YES;
				CLANG_WARN_DIRECT_OBJC_ISA_USAGE = YES_ERROR;
				CLANG_WARN_EMPTY_BODY = YES;
				CLANG_WARN_ENUM_CONVERSION = YES;
				CLANG_WARN_INT_CONVERSION = YES;
				CLANG_WARN_OBJC_ROOT_CLASS = YES_ERROR;
				CLANG_WARN_UNREACHABLE_CODE = YES;
				CLANG_WARN__DUPLICATE_METHOD_MATCH = YES;
				CODE_SIGN_ENTITLEMENTS = Entitlements.plist;
				CODE_SIGN_IDENTITY = "-";
				"CODE_SIGN_IDENTITY[sdk=iphoneos*]" = "-";
				COPY_PHASE_STRIP = NO;
				ENABLE_NS_ASSERTIONS = NO;
				ENABLE_STRICT_OBJC_MSGSEND = YES;
				GCC_C_LANGUAGE_STANDARD = gnu99;
				GCC_WARN_64_TO_32_BIT_CONVERSION = YES;
				GCC_WARN_ABOUT_RETURN_TYPE = YES_ERROR;
				GCC_WARN_UNDECLARED_SELECTOR = YES;
				GCC_WARN_UNINITIALIZED_AUTOS = YES_AGGRESSIVE;
				GCC_WARN_UNUSED_FUNCTION = YES;
				GCC_WARN_UNUSED_VARIABLE = YES;
				IPHONEOS_DEPLOYMENT_TARGET = 8.1;
				MTL_ENABLE_DEBUG_INFO = NO;
				SDKROOT = iphoneos;
				TARGETED_DEVICE_FAMILY = "1,2";
				VALIDATE_PRODUCT = YES;
			};
			name = Release;
		};
		AA8402401AD848D300927EEB /* Debug */ = {
			isa = XCBuildConfiguration;
			buildSettings = {
				ASSETCATALOG_COMPILER_APPICON_NAME = AppIcon;
				CODE_SIGN_ENTITLEMENTS = Entitlements.plist;
				CODE_SIGN_IDENTITY = "-";
				INFOPLIST_FILE = FoodPin/Info.plist;
				IPHONEOS_DEPLOYMENT_TARGET = 8.1;
				LD_RUNPATH_SEARCH_PATHS = "$(inherited) @executable_path/Frameworks";
				PRODUCT_NAME = "$(TARGET_NAME)";
			};
			name = Debug;
		};
		AA8402411AD848D300927EEB /* Release */ = {
			isa = XCBuildConfiguration;
			buildSettings = {
				ASSETCATALOG_COMPILER_APPICON_NAME = AppIcon;
				CODE_SIGN_ENTITLEMENTS = Entitlements.plist;
				CODE_SIGN_IDENTITY = "-";
				INFOPLIST_FILE = FoodPin/Info.plist;
				IPHONEOS_DEPLOYMENT_TARGET = 8.1;
				LD_RUNPATH_SEARCH_PATHS = "$(inherited) @executable_path/Frameworks";
				PRODUCT_NAME = "$(TARGET_NAME)";
			};
			name = Release;
		};
		AA8402431AD848D300927EEB /* Debug */ = {
			isa = XCBuildConfiguration;
			buildSettings = {
				BUNDLE_LOADER = "$(TEST_HOST)";
				FRAMEWORK_SEARCH_PATHS = (
					"$(SDKROOT)/Developer/Library/Frameworks",
					"$(inherited)",
				);
				GCC_PREPROCESSOR_DEFINITIONS = (
					"DEBUG=1",
					"$(inherited)",
				);
				INFOPLIST_FILE = FoodPinTests/Info.plist;
				LD_RUNPATH_SEARCH_PATHS = "$(inherited) @executable_path/Frameworks @loader_path/Frameworks";
				PRODUCT_NAME = "$(TARGET_NAME)";
				TEST_HOST = "$(BUILT_PRODUCTS_DIR)/FoodPin.app/FoodPin";
			};
			name = Debug;
		};
		AA8402441AD848D300927EEB /* Release */ = {
			isa = XCBuildConfiguration;
			buildSettings = {
				BUNDLE_LOADER = "$(TEST_HOST)";
				FRAMEWORK_SEARCH_PATHS = (
					"$(SDKROOT)/Developer/Library/Frameworks",
					"$(inherited)",
				);
				INFOPLIST_FILE = FoodPinTests/Info.plist;
				LD_RUNPATH_SEARCH_PATHS = "$(inherited) @executable_path/Frameworks @loader_path/Frameworks";
				PRODUCT_NAME = "$(TARGET_NAME)";
				TEST_HOST = "$(BUILT_PRODUCTS_DIR)/FoodPin.app/FoodPin";
			};
			name = Release;
		};
/* End XCBuildConfiguration section */

/* Begin XCConfigurationList section */
		AA84021B1AD848D300927EEB /* Build configuration list for PBXProject "FoodPin" */ = {
			isa = XCConfigurationList;
			buildConfigurations = (
				AA84023D1AD848D300927EEB /* Debug */,
				AA84023E1AD848D300927EEB /* Release */,
			);
			defaultConfigurationIsVisible = 0;
			defaultConfigurationName = Release;
		};
		AA84023F1AD848D300927EEB /* Build configuration list for PBXNativeTarget "FoodPin" */ = {
			isa = XCConfigurationList;
			buildConfigurations = (
				AA8402401AD848D300927EEB /* Debug */,
				AA8402411AD848D300927EEB /* Release */,
			);
			defaultConfigurationIsVisible = 0;
			defaultConfigurationName = Release;
		};
		AA8402421AD848D300927EEB /* Build configuration list for PBXNativeTarget "FoodPinTests" */ = {
			isa = XCConfigurationList;
			buildConfigurations = (
				AA8402431AD848D300927EEB /* Debug */,
				AA8402441AD848D300927EEB /* Release */,
			);
			defaultConfigurationIsVisible = 0;
			defaultConfigurationName = Release;
		};
/* End XCConfigurationList section */
	};
	rootObject = AA8402181AD848D300927EEB /* Project object */;
}
